
Microsoft Visual Studio Solution File, Format Version 12.00
# Visual Studio Version 16
VisualStudioVersion = 16.0.33927.289
MinimumVisualStudioVersion = 10.0.40219.1
Project("{FAE04EC0-301F-11D3-BF4B-00C04F79EFBC}") = "thc bt5", "thc bt5\thc bt5.csproj", "{3C6B2BAF-6DAF-4937-AA0D-1EBCAD6FDEC6}"
EndProject
Global
	GlobalSection(SolutionConfigurationPlatforms) = preSolution
		Debug|Any CPU = Debug|Any CPU
		Release|Any CPU = Release|Any CPU
	EndGlobalSection
	GlobalSection(ProjectConfigurationPlatforms) = postSolution
		{3C6B2BAF-6DAF-4937-AA0D-1EBCAD6FDEC6}.Debug|Any CPU.ActiveCfg = Debug|Any CPU
		{3C6B2BAF-6DAF-4937-AA0D-1EBCAD6FDEC6}.Debug|Any CPU.Build.0 = Debug|Any CPU
		{3C6B2BAF-6DAF-4937-AA0D-1EBCAD6FDEC6}.Release|Any CPU.ActiveCfg = Release|Any CPU
		{3C6B2BAF-6DAF-4937-AA0D-1EBCAD6FDEC6}.Release|Any CPU.Build.0 = Release|Any CPU
	EndGlobalSection
	GlobalSection(SolutionProperties) = preSolution
		HideSolutionNode = FALSE
	EndGlobalSection
	GlobalSection(ExtensibilityGlobals) = postSolution
		SolutionGuid = {89BFB2B0-B632-4C85-93D3-F4B0295DA82C}
	EndGlobalSection
EndGlobal
