
Microsoft Visual Studio Solution File, Format Version 12.00
# Visual Studio Version 16
VisualStudioVersion = 16.0.33927.289
MinimumVisualStudioVersion = 10.0.40219.1
Project("{FAE04EC0-301F-11D3-BF4B-00C04F79EFBC}") = "PhamHungThuan_BTLINQ2", "PhamHungThuan_BTLINQ2\PhamHungThuan_BTLINQ2.csproj", "{07351183-9D0D-4FCF-A18D-43F95CF66896}"
EndProject
Global
	GlobalSection(SolutionConfigurationPlatforms) = preSolution
		Debug|Any CPU = Debug|Any CPU
		Release|Any CPU = Release|Any CPU
	EndGlobalSection
	GlobalSection(ProjectConfigurationPlatforms) = postSolution
		{07351183-9D0D-4FCF-A18D-43F95CF66896}.Debug|Any CPU.ActiveCfg = Debug|Any CPU
		{07351183-9D0D-4FCF-A18D-43F95CF66896}.Debug|Any CPU.Build.0 = Debug|Any CPU
		{07351183-9D0D-4FCF-A18D-43F95CF66896}.Release|Any CPU.ActiveCfg = Release|Any CPU
		{07351183-9D0D-4FCF-A18D-43F95CF66896}.Release|Any CPU.Build.0 = Release|Any CPU
	EndGlobalSection
	GlobalSection(SolutionProperties) = preSolution
		HideSolutionNode = FALSE
	EndGlobalSection
	GlobalSection(ExtensibilityGlobals) = postSolution
		SolutionGuid = {44B121DB-6858-4259-A7F6-5BB268323EB8}
	EndGlobalSection
EndGlobal
